{
  "object": {
    "pins": [
      {
        "package": "MyPackage",
        "repositoryURL": "https://github.com/Leo-Lem/MyPackage",
        "state": {
          "branch": "main",
          "revision": "41b6a844ad3365ef1ec98300802bca17053bfc5a",
          "version": null
        }
      }
    ]
  },
  "version": 1
}
