// !$*UTF8*$!
{
	archiveVersion = 1;
	classes = {
	};
	objectVersion = 50;
	objects = {

/* Begin PBXBuildFile section */
		6E982DE2261471A200AFE61A /* InfoVC.swift in Sources */ = {isa = PBXBuildFile; fileRef = 6E982DE1261471A200AFE61A /* InfoVC.swift */; };
		6E982DE82614729A00AFE61A /* Declaration.swift in Sources */ = {isa = PBXBuildFile; fileRef = 6E982DE72614729A00AFE61A /* Declaration.swift */; };
		6E982DEC261472B500AFE61A /* LayoutFunctions.swift in Sources */ = {isa = PBXBuildFile; fileRef = 6E982DEB261472B500AFE61A /* LayoutFunctions.swift */; };
		6E982DF02614737500AFE61A /* EditOnDateVC.swift in Sources */ = {isa = PBXBuildFile; fileRef = 6E982DEF2614737500AFE61A /* EditOnDateVC.swift */; };
		6E982DF6261473B100AFE61A /* GetForDateVC.swift in Sources */ = {isa = PBXBuildFile; fileRef = 6E982DF5261473B100AFE61A /* GetForDateVC.swift */; };
		6E982DFA261473BB00AFE61A /* AveragesVC.swift in Sources */ = {isa = PBXBuildFile; fileRef = 6E982DF9261473BB00AFE61A /* AveragesVC.swift */; };
		6E982DFD261473C500AFE61A /* PackVC.swift in Sources */ = {isa = PBXBuildFile; fileRef = 6E982DFC261473C500AFE61A /* PackVC.swift */; };
		6E982E0B2614C4CA00AFE61A /* DateFunctions.swift in Sources */ = {isa = PBXBuildFile; fileRef = 6E982E0A2614C4CA00AFE61A /* DateFunctions.swift */; };
		6E982E0E2614C4DC00AFE61A /* DictFunctions.swift in Sources */ = {isa = PBXBuildFile; fileRef = 6E982E0D2614C4DC00AFE61A /* DictFunctions.swift */; };
		6E982E112614C4E600AFE61A /* UDFunctions.swift in Sources */ = {isa = PBXBuildFile; fileRef = 6E982E102614C4E600AFE61A /* UDFunctions.swift */; };
		6E982E1A2614C6FC00AFE61A /* Delegates.swift in Sources */ = {isa = PBXBuildFile; fileRef = 6E982E162614C63D00AFE61A /* Delegates.swift */; };
		6EF668EE260B7A6700142AB5 /* MainVC.swift in Sources */ = {isa = PBXBuildFile; fileRef = 6EF668ED260B7A6700142AB5 /* MainVC.swift */; };
		6EF668F1260B7A6700142AB5 /* Main.storyboard in Resources */ = {isa = PBXBuildFile; fileRef = 6EF668EF260B7A6700142AB5 /* Main.storyboard */; };
		6EF668F3260B7A6A00142AB5 /* Assets.xcassets in Resources */ = {isa = PBXBuildFile; fileRef = 6EF668F2260B7A6A00142AB5 /* Assets.xcassets */; };
/* End PBXBuildFile section */

/* Begin PBXFileReference section */
		6E982DE1261471A200AFE61A /* InfoVC.swift */ = {isa = PBXFileReference; lastKnownFileType = sourcecode.swift; path = InfoVC.swift; sourceTree = "<group>"; };
		6E982DE72614729A00AFE61A /* Declaration.swift */ = {isa = PBXFileReference; lastKnownFileType = sourcecode.swift; path = Declaration.swift; sourceTree = "<group>"; };
		6E982DEB261472B500AFE61A /* LayoutFunctions.swift */ = {isa = PBXFileReference; lastKnownFileType = sourcecode.swift; path = LayoutFunctions.swift; sourceTree = "<group>"; };
		6E982DEF2614737500AFE61A /* EditOnDateVC.swift */ = {isa = PBXFileReference; lastKnownFileType = sourcecode.swift; path = EditOnDateVC.swift; sourceTree = "<group>"; };
		6E982DF5261473B100AFE61A /* GetForDateVC.swift */ = {isa = PBXFileReference; lastKnownFileType = sourcecode.swift; path = GetForDateVC.swift; sourceTree = "<group>"; };
		6E982DF9261473BB00AFE61A /* AveragesVC.swift */ = {isa = PBXFileReference; lastKnownFileType = sourcecode.swift; path = AveragesVC.swift; sourceTree = "<group>"; };
		6E982DFC261473C500AFE61A /* PackVC.swift */ = {isa = PBXFileReference; lastKnownFileType = sourcecode.swift; path = PackVC.swift; sourceTree = "<group>"; };
		6E982E0A2614C4CA00AFE61A /* DateFunctions.swift */ = {isa = PBXFileReference; lastKnownFileType = sourcecode.swift; path = DateFunctions.swift; sourceTree = "<group>"; };
		6E982E0D2614C4DC00AFE61A /* DictFunctions.swift */ = {isa = PBXFileReference; lastKnownFileType = sourcecode.swift; path = DictFunctions.swift; sourceTree = "<group>"; };
		6E982E102614C4E600AFE61A /* UDFunctions.swift */ = {isa = PBXFileReference; lastKnownFileType = sourcecode.swift; path = UDFunctions.swift; sourceTree = "<group>"; };
		6E982E162614C63D00AFE61A /* Delegates.swift */ = {isa = PBXFileReference; lastKnownFileType = sourcecode.swift; path = Delegates.swift; sourceTree = "<group>"; };
		6EF668E6260B7A6700142AB5 /* AshtrayUIKit.app */ = {isa = PBXFileReference; explicitFileType = wrapper.application; includeInIndex = 0; path = AshtrayUIKit.app; sourceTree = BUILT_PRODUCTS_DIR; };
		6EF668ED260B7A6700142AB5 /* MainVC.swift */ = {isa = PBXFileReference; lastKnownFileType = sourcecode.swift; path = MainVC.swift; sourceTree = "<group>"; };
		6EF668F0260B7A6700142AB5 /* Base */ = {isa = PBXFileReference; lastKnownFileType = file.storyboard; name = Base; path = Base.lproj/Main.storyboard; sourceTree = "<group>"; };
		6EF668F2260B7A6A00142AB5 /* Assets.xcassets */ = {isa = PBXFileReference; lastKnownFileType = folder.assetcatalog; path = Assets.xcassets; sourceTree = "<group>"; };
		6EF668F7260B7A6A00142AB5 /* Info.plist */ = {isa = PBXFileReference; lastKnownFileType = text.plist.xml; path = Info.plist; sourceTree = "<group>"; };
/* End PBXFileReference section */

/* Begin PBXFrameworksBuildPhase section */
		6EF668E3260B7A6700142AB5 /* Frameworks */ = {
			isa = PBXFrameworksBuildPhase;
			buildActionMask = 2147483647;
			files = (
			);
			runOnlyForDeploymentPostprocessing = 0;
		};
/* End PBXFrameworksBuildPhase section */

/* Begin PBXGroup section */
		6E982DE52614725600AFE61A /* VCs */ = {
			isa = PBXGroup;
			children = (
				6E982DE1261471A200AFE61A /* InfoVC.swift */,
				6EF668ED260B7A6700142AB5 /* MainVC.swift */,
				6E982DEF2614737500AFE61A /* EditOnDateVC.swift */,
				6E982DF42614739B00AFE61A /* Stats */,
			);
			path = VCs;
			sourceTree = "<group>";
		};
		6E982DE62614728200AFE61A /* Global */ = {
			isa = PBXGroup;
			children = (
				6E982DE72614729A00AFE61A /* Declaration.swift */,
				6E982DEB261472B500AFE61A /* LayoutFunctions.swift */,
				6E982E0A2614C4CA00AFE61A /* DateFunctions.swift */,
				6E982E0D2614C4DC00AFE61A /* DictFunctions.swift */,
				6E982E102614C4E600AFE61A /* UDFunctions.swift */,
			);
			path = Global;
			sourceTree = "<group>";
		};
		6E982DF42614739B00AFE61A /* Stats */ = {
			isa = PBXGroup;
			children = (
				6E982DF5261473B100AFE61A /* GetForDateVC.swift */,
				6E982DF9261473BB00AFE61A /* AveragesVC.swift */,
				6E982DFC261473C500AFE61A /* PackVC.swift */,
			);
			name = Stats;
			sourceTree = "<group>";
		};
		6EF668DD260B7A6700142AB5 = {
			isa = PBXGroup;
			children = (
				6EF668E8260B7A6700142AB5 /* AshtrayUIKit */,
				6EF668E7260B7A6700142AB5 /* Products */,
			);
			sourceTree = "<group>";
		};
		6EF668E7260B7A6700142AB5 /* Products */ = {
			isa = PBXGroup;
			children = (
				6EF668E6260B7A6700142AB5 /* AshtrayUIKit.app */,
			);
			name = Products;
			sourceTree = "<group>";
		};
		6EF668E8260B7A6700142AB5 /* AshtrayUIKit */ = {
			isa = PBXGroup;
			children = (
				6E982E162614C63D00AFE61A /* Delegates.swift */,
				6E982DE62614728200AFE61A /* Global */,
				6E982DE52614725600AFE61A /* VCs */,
				6EF668EF260B7A6700142AB5 /* Main.storyboard */,
				6EF668F2260B7A6A00142AB5 /* Assets.xcassets */,
				6EF668F7260B7A6A00142AB5 /* Info.plist */,
			);
			path = AshtrayUIKit;
			sourceTree = "<group>";
		};
/* End PBXGroup section */

/* Begin PBXNativeTarget section */
		6EF668E5260B7A6700142AB5 /* AshtrayUIKit */ = {
			isa = PBXNativeTarget;
			buildConfigurationList = 6EF668FA260B7A6A00142AB5 /* Build configuration list for PBXNativeTarget "AshtrayUIKit" */;
			buildPhases = (
				6EF668E2260B7A6700142AB5 /* Sources */,
				6EF668E3260B7A6700142AB5 /* Frameworks */,
				6EF668E4260B7A6700142AB5 /* Resources */,
			);
			buildRules = (
			);
			dependencies = (
			);
			name = AshtrayUIKit;
			productName = Ashtray;
			productReference = 6EF668E6260B7A6700142AB5 /* AshtrayUIKit.app */;
			productType = "com.apple.product-type.application";
		};
/* End PBXNativeTarget section */

/* Begin PBXProject section */
		6EF668DE260B7A6700142AB5 /* Project object */ = {
			isa = PBXProject;
			attributes = {
				LastSwiftUpdateCheck = 1240;
				LastUpgradeCheck = 1240;
				TargetAttributes = {
					6EF668E5260B7A6700142AB5 = {
						CreatedOnToolsVersion = 12.4;
					};
				};
			};
			buildConfigurationList = 6EF668E1260B7A6700142AB5 /* Build configuration list for PBXProject "AshtrayUIKit" */;
			compatibilityVersion = "Xcode 9.3";
			developmentRegion = en;
			hasScannedForEncodings = 0;
			knownRegions = (
				en,
				Base,
			);
			mainGroup = 6EF668DD260B7A6700142AB5;
			productRefGroup = 6EF668E7260B7A6700142AB5 /* Products */;
			projectDirPath = "";
			projectRoot = "";
			targets = (
				6EF668E5260B7A6700142AB5 /* AshtrayUIKit */,
			);
		};
/* End PBXProject section */

/* Begin PBXResourcesBuildPhase section */
		6EF668E4260B7A6700142AB5 /* Resources */ = {
			isa = PBXResourcesBuildPhase;
			buildActionMask = 2147483647;
			files = (
				6EF668F3260B7A6A00142AB5 /* Assets.xcassets in Resources */,
				6EF668F1260B7A6700142AB5 /* Main.storyboard in Resources */,
			);
			runOnlyForDeploymentPostprocessing = 0;
		};
/* End PBXResourcesBuildPhase section */

/* Begin PBXSourcesBuildPhase section */
		6EF668E2260B7A6700142AB5 /* Sources */ = {
			isa = PBXSourcesBuildPhase;
			buildActionMask = 2147483647;
			files = (
				6E982E1A2614C6FC00AFE61A /* Delegates.swift in Sources */,
				6E982E112614C4E600AFE61A /* UDFunctions.swift in Sources */,
				6EF668EE260B7A6700142AB5 /* MainVC.swift in Sources */,
				6E982E0B2614C4CA00AFE61A /* DateFunctions.swift in Sources */,
				6E982DF02614737500AFE61A /* EditOnDateVC.swift in Sources */,
				6E982DE82614729A00AFE61A /* Declaration.swift in Sources */,
				6E982DE2261471A200AFE61A /* InfoVC.swift in Sources */,
				6E982DF6261473B100AFE61A /* GetForDateVC.swift in Sources */,
				6E982E0E2614C4DC00AFE61A /* DictFunctions.swift in Sources */,
				6E982DFA261473BB00AFE61A /* AveragesVC.swift in Sources */,
				6E982DEC261472B500AFE61A /* LayoutFunctions.swift in Sources */,
				6E982DFD261473C500AFE61A /* PackVC.swift in Sources */,
			);
			runOnlyForDeploymentPostprocessing = 0;
		};
/* End PBXSourcesBuildPhase section */

/* Begin PBXVariantGroup section */
		6EF668EF260B7A6700142AB5 /* Main.storyboard */ = {
			isa = PBXVariantGroup;
			children = (
				6EF668F0260B7A6700142AB5 /* Base */,
			);
			name = Main.storyboard;
			sourceTree = "<group>";
		};
/* End PBXVariantGroup section */

/* Begin XCBuildConfiguration section */
		6EF668F8260B7A6A00142AB5 /* Debug */ = {
			isa = XCBuildConfiguration;
			buildSettings = {
				ALWAYS_SEARCH_USER_PATHS = NO;
				CLANG_ANALYZER_NONNULL = YES;
				CLANG_ANALYZER_NUMBER_OBJECT_CONVERSION = YES_AGGRESSIVE;
				CLANG_CXX_LANGUAGE_STANDARD = "gnu++14";
				CLANG_CXX_LIBRARY = "libc++";
				CLANG_ENABLE_MODULES = YES;
				CLANG_ENABLE_OBJC_ARC = YES;
				CLANG_ENABLE_OBJC_WEAK = YES;
				CLANG_WARN_BLOCK_CAPTURE_AUTORELEASING = YES;
				CLANG_WARN_BOOL_CONVERSION = YES;
				CLANG_WARN_COMMA = YES;
				CLANG_WARN_CONSTANT_CONVERSION = YES;
				CLANG_WARN_DEPRECATED_OBJC_IMPLEMENTATIONS = YES;
				CLANG_WARN_DIRECT_OBJC_ISA_USAGE = YES_ERROR;
				CLANG_WARN_DOCUMENTATION_COMMENTS = YES;
				CLANG_WARN_EMPTY_BODY = YES;
				CLANG_WARN_ENUM_CONVERSION = YES;
				CLANG_WARN_INFINITE_RECURSION = YES;
				CLANG_WARN_INT_CONVERSION = YES;
				CLANG_WARN_NON_LITERAL_NULL_CONVERSION = YES;
				CLANG_WARN_OBJC_IMPLICIT_RETAIN_SELF = YES;
				CLANG_WARN_OBJC_LITERAL_CONVERSION = YES;
				CLANG_WARN_OBJC_ROOT_CLASS = YES_ERROR;
				CLANG_WARN_QUOTED_INCLUDE_IN_FRAMEWORK_HEADER = YES;
				CLANG_WARN_RANGE_LOOP_ANALYSIS = YES;
				CLANG_WARN_STRICT_PROTOTYPES = YES;
				CLANG_WARN_SUSPICIOUS_MOVE = YES;
				CLANG_WARN_UNGUARDED_AVAILABILITY = YES_AGGRESSIVE;
				CLANG_WARN_UNREACHABLE_CODE = YES;
				CLANG_WARN__DUPLICATE_METHOD_MATCH = YES;
				COPY_PHASE_STRIP = NO;
				DEBUG_INFORMATION_FORMAT = dwarf;
				ENABLE_STRICT_OBJC_MSGSEND = YES;
				ENABLE_TESTABILITY = YES;
				GCC_C_LANGUAGE_STANDARD = gnu11;
				GCC_DYNAMIC_NO_PIC = NO;
				GCC_NO_COMMON_BLOCKS = YES;
				GCC_OPTIMIZATION_LEVEL = 0;
				GCC_PREPROCESSOR_DEFINITIONS = (
					"DEBUG=1",
					"$(inherited)",
				);
				GCC_WARN_64_TO_32_BIT_CONVERSION = YES;
				GCC_WARN_ABOUT_RETURN_TYPE = YES_ERROR;
				GCC_WARN_UNDECLARED_SELECTOR = YES;
				GCC_WARN_UNINITIALIZED_AUTOS = YES_AGGRESSIVE;
				GCC_WARN_UNUSED_FUNCTION = YES;
				GCC_WARN_UNUSED_VARIABLE = YES;
				IPHONEOS_DEPLOYMENT_TARGET = 15.0;
				MTL_ENABLE_DEBUG_INFO = INCLUDE_SOURCE;
				MTL_FAST_MATH = YES;
				ONLY_ACTIVE_ARCH = YES;
				SDKROOT = iphoneos;
				SWIFT_ACTIVE_COMPILATION_CONDITIONS = DEBUG;
				SWIFT_OPTIMIZATION_LEVEL = "-Onone";
			};
			name = Debug;
		};
		6EF668F9260B7A6A00142AB5 /* Release */ = {
			isa = XCBuildConfiguration;
			buildSettings = {
				ALWAYS_SEARCH_USER_PATHS = NO;
				CLANG_ANALYZER_NONNULL = YES;
				CLANG_ANALYZER_NUMBER_OBJECT_CONVERSION = YES_AGGRESSIVE;
				CLANG_CXX_LANGUAGE_STANDARD = "gnu++14";
				CLANG_CXX_LIBRARY = "libc++";
				CLANG_ENABLE_MODULES = YES;
				CLANG_ENABLE_OBJC_ARC = YES;
				CLANG_ENABLE_OBJC_WEAK = YES;
				CLANG_WARN_BLOCK_CAPTURE_AUTORELEASING = YES;
				CLANG_WARN_BOOL_CONVERSION = YES;
				CLANG_WARN_COMMA = YES;
				CLANG_WARN_CONSTANT_CONVERSION = YES;
				CLANG_WARN_DEPRECATED_OBJC_IMPLEMENTATIONS = YES;
				CLANG_WARN_DIRECT_OBJC_ISA_USAGE = YES_ERROR;
				CLANG_WARN_DOCUMENTATION_COMMENTS = YES;
				CLANG_WARN_EMPTY_BODY = YES;
				CLANG_WARN_ENUM_CONVERSION = YES;
				CLANG_WARN_INFINITE_RECURSION = YES;
				CLANG_WARN_INT_CONVERSION = YES;
				CLANG_WARN_NON_LITERAL_NULL_CONVERSION = YES;
				CLANG_WARN_OBJC_IMPLICIT_RETAIN_SELF = YES;
				CLANG_WARN_OBJC_LITERAL_CONVERSION = YES;
				CLANG_WARN_OBJC_ROOT_CLASS = YES_ERROR;
				CLANG_WARN_QUOTED_INCLUDE_IN_FRAMEWORK_HEADER = YES;
				CLANG_WARN_RANGE_LOOP_ANALYSIS = YES;
				CLANG_WARN_STRICT_PROTOTYPES = YES;
				CLANG_WARN_SUSPICIOUS_MOVE = YES;
				CLANG_WARN_UNGUARDED_AVAILABILITY = YES_AGGRESSIVE;
				CLANG_WARN_UNREACHABLE_CODE = YES;
				CLANG_WARN__DUPLICATE_METHOD_MATCH = YES;
				COPY_PHASE_STRIP = NO;
				DEBUG_INFORMATION_FORMAT = "dwarf-with-dsym";
				ENABLE_NS_ASSERTIONS = NO;
				ENABLE_STRICT_OBJC_MSGSEND = YES;
				GCC_C_LANGUAGE_STANDARD = gnu11;
				GCC_NO_COMMON_BLOCKS = YES;
				GCC_WARN_64_TO_32_BIT_CONVERSION = YES;
				GCC_WARN_ABOUT_RETURN_TYPE = YES_ERROR;
				GCC_WARN_UNDECLARED_SELECTOR = YES;
				GCC_WARN_UNINITIALIZED_AUTOS = YES_AGGRESSIVE;
				GCC_WARN_UNUSED_FUNCTION = YES;
				GCC_WARN_UNUSED_VARIABLE = YES;
				IPHONEOS_DEPLOYMENT_TARGET = 15.0;
				MTL_ENABLE_DEBUG_INFO = NO;
				MTL_FAST_MATH = YES;
				SDKROOT = iphoneos;
				SWIFT_COMPILATION_MODE = wholemodule;
				SWIFT_OPTIMIZATION_LEVEL = "-O";
				VALIDATE_PRODUCT = YES;
			};
			name = Release;
		};
		6EF668FB260B7A6A00142AB5 /* Debug */ = {
			isa = XCBuildConfiguration;
			buildSettings = {
				ASSETCATALOG_COMPILER_APPICON_NAME = AppIcon;
				ASSETCATALOG_COMPILER_GLOBAL_ACCENT_COLOR_NAME = AccentColor;
				CODE_SIGN_STYLE = Automatic;
				DEVELOPMENT_TEAM = 4UUEFBYP76;
				INFOPLIST_FILE = "$(SRCROOT)/AshtrayUIKit/Info.plist";
				LD_RUNPATH_SEARCH_PATHS = (
					"$(inherited)",
					"@executable_path/Frameworks",
				);
				PRODUCT_BUNDLE_IDENTIFIER = com.leolem.Ashtray;
				PRODUCT_NAME = "$(TARGET_NAME)";
				SWIFT_VERSION = 5.0;
				TARGETED_DEVICE_FAMILY = 1;
			};
			name = Debug;
		};
		6EF668FC260B7A6A00142AB5 /* Release */ = {
			isa = XCBuildConfiguration;
			buildSettings = {
				ASSETCATALOG_COMPILER_APPICON_NAME = AppIcon;
				ASSETCATALOG_COMPILER_GLOBAL_ACCENT_COLOR_NAME = AccentColor;
				CODE_SIGN_STYLE = Automatic;
				DEVELOPMENT_TEAM = 4UUEFBYP76;
				INFOPLIST_FILE = "$(SRCROOT)/AshtrayUIKit/Info.plist";
				LD_RUNPATH_SEARCH_PATHS = (
					"$(inherited)",
					"@executable_path/Frameworks",
				);
				PRODUCT_BUNDLE_IDENTIFIER = com.leolem.Ashtray;
				PRODUCT_NAME = "$(TARGET_NAME)";
				SWIFT_VERSION = 5.0;
				TARGETED_DEVICE_FAMILY = 1;
			};
			name = Release;
		};
/* End XCBuildConfiguration section */

/* Begin XCConfigurationList section */
		6EF668E1260B7A6700142AB5 /* Build configuration list for PBXProject "AshtrayUIKit" */ = {
			isa = XCConfigurationList;
			buildConfigurations = (
				6EF668F8260B7A6A00142AB5 /* Debug */,
				6EF668F9260B7A6A00142AB5 /* Release */,
			);
			defaultConfigurationIsVisible = 0;
			defaultConfigurationName = Release;
		};
		6EF668FA260B7A6A00142AB5 /* Build configuration list for PBXNativeTarget "AshtrayUIKit" */ = {
			isa = XCConfigurationList;
			buildConfigurations = (
				6EF668FB260B7A6A00142AB5 /* Debug */,
				6EF668FC260B7A6A00142AB5 /* Release */,
			);
			defaultConfigurationIsVisible = 0;
			defaultConfigurationName = Release;
		};
/* End XCConfigurationList section */
	};
	rootObject = 6EF668DE260B7A6700142AB5 /* Project object */;
}
