// !$*UTF8*$!
{
	archiveVersion = 1;
	classes = {
	};
	objectVersion = 52;
	objects = {

/* Begin PBXBuildFile section */
		6E1A0C0E276A9CAF0000BEA5 /* MyPackage in Frameworks */ = {isa = PBXBuildFile; productRef = 6E1A0C0D276A9CAF0000BEA5 /* MyPackage */; };
		6E26ABB8276A43D600726A71 /* BarplotView.swift in Sources */ = {isa = PBXBuildFile; fileRef = 6E26ABB3276A43D600726A71 /* BarplotView.swift */; };
		6E26ABB9276A43D600726A71 /* CustomPicker.swift in Sources */ = {isa = PBXBuildFile; fileRef = 6E26ABB4276A43D600726A71 /* CustomPicker.swift */; };
		6E26ABBA276A43D600726A71 /* DatePickerExtension.swift in Sources */ = {isa = PBXBuildFile; fileRef = 6E26ABB5276A43D600726A71 /* DatePickerExtension.swift */; };
		6E26ABBC276A43D600726A71 /* MonthPicker.swift in Sources */ = {isa = PBXBuildFile; fileRef = 6E26ABB7276A43D600726A71 /* MonthPicker.swift */; };
		6E26ABC3276A43F500726A71 /* Model.swift in Sources */ = {isa = PBXBuildFile; fileRef = 6E26ABBF276A43F500726A71 /* Model.swift */; };
		6E26ABC8276A440000726A71 /* HistoryView.swift in Sources */ = {isa = PBXBuildFile; fileRef = 6E26ABC5276A440000726A71 /* HistoryView.swift */; };
		6E26ABC9276A440000726A71 /* MainView.swift in Sources */ = {isa = PBXBuildFile; fileRef = 6E26ABC6276A440000726A71 /* MainView.swift */; };
		6E26ABCA276A440000726A71 /* AverageView.swift in Sources */ = {isa = PBXBuildFile; fileRef = 6E26ABC7276A440000726A71 /* AverageView.swift */; };
		6E26ABCE276A442000726A71 /* InfoView.swift in Sources */ = {isa = PBXBuildFile; fileRef = 6E26ABCB276A442000726A71 /* InfoView.swift */; };
		6E26ABCF276A442000726A71 /* SettingsView.swift in Sources */ = {isa = PBXBuildFile; fileRef = 6E26ABCC276A442000726A71 /* SettingsView.swift */; };
		6E26ABD0276A442000726A71 /* TitleView.swift in Sources */ = {isa = PBXBuildFile; fileRef = 6E26ABCD276A442000726A71 /* TitleView.swift */; };
		6E26ABD2276A442B00726A71 /* ContentView.swift in Sources */ = {isa = PBXBuildFile; fileRef = 6E26ABD1276A442B00726A71 /* ContentView.swift */; };
		6E3E5FB226A4210300F91E9B /* AshtraySwiftUIApp.swift in Sources */ = {isa = PBXBuildFile; fileRef = 6E3E5FB126A4210300F91E9B /* AshtraySwiftUIApp.swift */; };
		6E3E5FB626A4210700F91E9B /* Assets.xcassets in Resources */ = {isa = PBXBuildFile; fileRef = 6E3E5FB526A4210700F91E9B /* Assets.xcassets */; };
		6E3E5FB926A4210700F91E9B /* Preview Assets.xcassets in Resources */ = {isa = PBXBuildFile; fileRef = 6E3E5FB826A4210700F91E9B /* Preview Assets.xcassets */; };
		6E5E7C4F273FFA1400DA1AF9 /* Preview Code.swift in Sources */ = {isa = PBXBuildFile; fileRef = 6E5E7C4E273FFA1400DA1AF9 /* Preview Code.swift */; };
		6ED8E0442771E0B700E92996 /* MainView-ViewModel.swift in Sources */ = {isa = PBXBuildFile; fileRef = 6ED8E0432771E0B700E92996 /* MainView-ViewModel.swift */; };
		6ED8E0462771E0C400E92996 /* HistoryView-ViewModel.swift in Sources */ = {isa = PBXBuildFile; fileRef = 6ED8E0452771E0C400E92996 /* HistoryView-ViewModel.swift */; };
		6ED8E0482771E0CE00E92996 /* AverageView-ViewModel.swift in Sources */ = {isa = PBXBuildFile; fileRef = 6ED8E0472771E0CE00E92996 /* AverageView-ViewModel.swift */; };
		6ED8E04A2771EF4F00E92996 /* SettingsView-ViewModel.swift in Sources */ = {isa = PBXBuildFile; fileRef = 6ED8E0492771EF4F00E92996 /* SettingsView-ViewModel.swift */; };
		6ED8E04C27724D6100E92996 /* SuperViewModel.swift in Sources */ = {isa = PBXBuildFile; fileRef = 6ED8E04B27724D6100E92996 /* SuperViewModel.swift */; };
		6ED8E04E2772540E00E92996 /* ContentView-ViewModel.swift in Sources */ = {isa = PBXBuildFile; fileRef = 6ED8E04D2772540E00E92996 /* ContentView-ViewModel.swift */; };
		6EE9D1942773683F00B29411 /* Model-StatsCalculator.swift in Sources */ = {isa = PBXBuildFile; fileRef = 6EE9D1932773683F00B29411 /* Model-StatsCalculator.swift */; };
		6EE9D1962773710F00B29411 /* Count.swift in Sources */ = {isa = PBXBuildFile; fileRef = 6EE9D1952773710F00B29411 /* Count.swift */; };
		6EE9D19827738B7700B29411 /* AshtraySwiftUITests-ExampleCounts.swift in Sources */ = {isa = PBXBuildFile; fileRef = 6EE9D19727738B7700B29411 /* AshtraySwiftUITests-ExampleCounts.swift */; };
		6EF874A3276B80AD0023A8EB /* ListItemFormat.swift in Sources */ = {isa = PBXBuildFile; fileRef = 6EF874A2276B80AD0023A8EB /* ListItemFormat.swift */; };
		6EF874AB276BA7020023A8EB /* AshtraySwiftUITests.swift in Sources */ = {isa = PBXBuildFile; fileRef = 6EF874AA276BA7020023A8EB /* AshtraySwiftUITests.swift */; };
/* End PBXBuildFile section */

/* Begin PBXContainerItemProxy section */
		6EF874AC276BA7020023A8EB /* PBXContainerItemProxy */ = {
			isa = PBXContainerItemProxy;
			containerPortal = 6E3E5FA626A4210300F91E9B /* Project object */;
			proxyType = 1;
			remoteGlobalIDString = 6E3E5FAD26A4210300F91E9B;
			remoteInfo = AshtraySwiftUI;
		};
/* End PBXContainerItemProxy section */

/* Begin PBXCopyFilesBuildPhase section */
		6E5E7C3A273FF5FE00DA1AF9 /* Embed App Extensions */ = {
			isa = PBXCopyFilesBuildPhase;
			buildActionMask = 2147483647;
			dstPath = "";
			dstSubfolderSpec = 13;
			files = (
			);
			name = "Embed App Extensions";
			runOnlyForDeploymentPostprocessing = 0;
		};
/* End PBXCopyFilesBuildPhase section */

/* Begin PBXFileReference section */
		6E26ABB3276A43D600726A71 /* BarplotView.swift */ = {isa = PBXFileReference; fileEncoding = 4; lastKnownFileType = sourcecode.swift; path = BarplotView.swift; sourceTree = "<group>"; };
		6E26ABB4276A43D600726A71 /* CustomPicker.swift */ = {isa = PBXFileReference; fileEncoding = 4; lastKnownFileType = sourcecode.swift; path = CustomPicker.swift; sourceTree = "<group>"; };
		6E26ABB5276A43D600726A71 /* DatePickerExtension.swift */ = {isa = PBXFileReference; fileEncoding = 4; lastKnownFileType = sourcecode.swift; path = DatePickerExtension.swift; sourceTree = "<group>"; };
		6E26ABB7276A43D600726A71 /* MonthPicker.swift */ = {isa = PBXFileReference; fileEncoding = 4; lastKnownFileType = sourcecode.swift; path = MonthPicker.swift; sourceTree = "<group>"; };
		6E26ABBF276A43F500726A71 /* Model.swift */ = {isa = PBXFileReference; fileEncoding = 4; lastKnownFileType = sourcecode.swift; path = Model.swift; sourceTree = "<group>"; };
		6E26ABC5276A440000726A71 /* HistoryView.swift */ = {isa = PBXFileReference; fileEncoding = 4; lastKnownFileType = sourcecode.swift; path = HistoryView.swift; sourceTree = "<group>"; };
		6E26ABC6276A440000726A71 /* MainView.swift */ = {isa = PBXFileReference; fileEncoding = 4; lastKnownFileType = sourcecode.swift; path = MainView.swift; sourceTree = "<group>"; };
		6E26ABC7276A440000726A71 /* AverageView.swift */ = {isa = PBXFileReference; fileEncoding = 4; lastKnownFileType = sourcecode.swift; path = AverageView.swift; sourceTree = "<group>"; };
		6E26ABCB276A442000726A71 /* InfoView.swift */ = {isa = PBXFileReference; fileEncoding = 4; lastKnownFileType = sourcecode.swift; path = InfoView.swift; sourceTree = "<group>"; };
		6E26ABCC276A442000726A71 /* SettingsView.swift */ = {isa = PBXFileReference; fileEncoding = 4; lastKnownFileType = sourcecode.swift; path = SettingsView.swift; sourceTree = "<group>"; };
		6E26ABCD276A442000726A71 /* TitleView.swift */ = {isa = PBXFileReference; fileEncoding = 4; lastKnownFileType = sourcecode.swift; path = TitleView.swift; sourceTree = "<group>"; };
		6E26ABD1276A442B00726A71 /* ContentView.swift */ = {isa = PBXFileReference; fileEncoding = 4; lastKnownFileType = sourcecode.swift; path = ContentView.swift; sourceTree = "<group>"; };
		6E26ABD7276A493400726A71 /* AshtraySwiftUI.app */ = {isa = PBXFileReference; explicitFileType = wrapper.application; includeInIndex = 0; path = AshtraySwiftUI.app; sourceTree = BUILT_PRODUCTS_DIR; };
		6E3E5FB126A4210300F91E9B /* AshtraySwiftUIApp.swift */ = {isa = PBXFileReference; lastKnownFileType = sourcecode.swift; path = AshtraySwiftUIApp.swift; sourceTree = "<group>"; };
		6E3E5FB526A4210700F91E9B /* Assets.xcassets */ = {isa = PBXFileReference; lastKnownFileType = folder.assetcatalog; path = Assets.xcassets; sourceTree = "<group>"; };
		6E3E5FB826A4210700F91E9B /* Preview Assets.xcassets */ = {isa = PBXFileReference; lastKnownFileType = folder.assetcatalog; path = "Preview Assets.xcassets"; sourceTree = "<group>"; };
		6E5E7C4E273FFA1400DA1AF9 /* Preview Code.swift */ = {isa = PBXFileReference; lastKnownFileType = sourcecode.swift; path = "Preview Code.swift"; sourceTree = "<group>"; };
		6ED8E0432771E0B700E92996 /* MainView-ViewModel.swift */ = {isa = PBXFileReference; lastKnownFileType = sourcecode.swift; path = "MainView-ViewModel.swift"; sourceTree = "<group>"; };
		6ED8E0452771E0C400E92996 /* HistoryView-ViewModel.swift */ = {isa = PBXFileReference; lastKnownFileType = sourcecode.swift; path = "HistoryView-ViewModel.swift"; sourceTree = "<group>"; };
		6ED8E0472771E0CE00E92996 /* AverageView-ViewModel.swift */ = {isa = PBXFileReference; lastKnownFileType = sourcecode.swift; path = "AverageView-ViewModel.swift"; sourceTree = "<group>"; };
		6ED8E0492771EF4F00E92996 /* SettingsView-ViewModel.swift */ = {isa = PBXFileReference; lastKnownFileType = sourcecode.swift; path = "SettingsView-ViewModel.swift"; sourceTree = "<group>"; };
		6ED8E04B27724D6100E92996 /* SuperViewModel.swift */ = {isa = PBXFileReference; lastKnownFileType = sourcecode.swift; path = SuperViewModel.swift; sourceTree = "<group>"; };
		6ED8E04D2772540E00E92996 /* ContentView-ViewModel.swift */ = {isa = PBXFileReference; lastKnownFileType = sourcecode.swift; path = "ContentView-ViewModel.swift"; sourceTree = "<group>"; };
		6EE9D1932773683F00B29411 /* Model-StatsCalculator.swift */ = {isa = PBXFileReference; lastKnownFileType = sourcecode.swift; path = "Model-StatsCalculator.swift"; sourceTree = "<group>"; };
		6EE9D1952773710F00B29411 /* Count.swift */ = {isa = PBXFileReference; lastKnownFileType = sourcecode.swift; path = Count.swift; sourceTree = "<group>"; };
		6EE9D19727738B7700B29411 /* AshtraySwiftUITests-ExampleCounts.swift */ = {isa = PBXFileReference; lastKnownFileType = sourcecode.swift; path = "AshtraySwiftUITests-ExampleCounts.swift"; sourceTree = "<group>"; };
		6EF8749E276B71CF0023A8EB /* Info.plist */ = {isa = PBXFileReference; fileEncoding = 4; lastKnownFileType = text.plist.xml; path = Info.plist; sourceTree = "<group>"; };
		6EF874A2276B80AD0023A8EB /* ListItemFormat.swift */ = {isa = PBXFileReference; lastKnownFileType = sourcecode.swift; path = ListItemFormat.swift; sourceTree = "<group>"; };
		6EF874A8276BA7020023A8EB /* AshtraySwiftUITests.xctest */ = {isa = PBXFileReference; explicitFileType = wrapper.cfbundle; includeInIndex = 0; path = AshtraySwiftUITests.xctest; sourceTree = BUILT_PRODUCTS_DIR; };
		6EF874AA276BA7020023A8EB /* AshtraySwiftUITests.swift */ = {isa = PBXFileReference; lastKnownFileType = sourcecode.swift; path = AshtraySwiftUITests.swift; sourceTree = "<group>"; };
/* End PBXFileReference section */

/* Begin PBXFrameworksBuildPhase section */
		6E3E5FAB26A4210300F91E9B /* Frameworks */ = {
			isa = PBXFrameworksBuildPhase;
			buildActionMask = 2147483647;
			files = (
				6E1A0C0E276A9CAF0000BEA5 /* MyPackage in Frameworks */,
			);
			runOnlyForDeploymentPostprocessing = 0;
		};
		6EF874A5276BA7020023A8EB /* Frameworks */ = {
			isa = PBXFrameworksBuildPhase;
			buildActionMask = 2147483647;
			files = (
			);
			runOnlyForDeploymentPostprocessing = 0;
		};
/* End PBXFrameworksBuildPhase section */

/* Begin PBXGroup section */
		6E26ABD3276A446200726A71 /* View */ = {
			isa = PBXGroup;
			children = (
				6E26ABD1276A442B00726A71 /* ContentView.swift */,
				6E26ABC6276A440000726A71 /* MainView.swift */,
				6E26ABC5276A440000726A71 /* HistoryView.swift */,
				6E26ABC7276A440000726A71 /* AverageView.swift */,
				6E26ABCC276A442000726A71 /* SettingsView.swift */,
				6E26ABCB276A442000726A71 /* InfoView.swift */,
				6EA9678C273D9207005DB3C4 /* other */,
			);
			path = View;
			sourceTree = "<group>";
		};
		6E26ABD4276A449B00726A71 /* Resources */ = {
			isa = PBXGroup;
			children = (
				6E3E5FB526A4210700F91E9B /* Assets.xcassets */,
				6EF8749E276B71CF0023A8EB /* Info.plist */,
			);
			path = Resources;
			sourceTree = "<group>";
		};
		6E3E5FA526A4210300F91E9B = {
			isa = PBXGroup;
			children = (
				6E3E5FB026A4210300F91E9B /* AshtraySwiftUI */,
				6EF874A9276BA7020023A8EB /* AshtraySwiftUITests */,
				6E26ABD7276A493400726A71 /* AshtraySwiftUI.app */,
				6EF874A8276BA7020023A8EB /* AshtraySwiftUITests.xctest */,
			);
			sourceTree = "<group>";
		};
		6E3E5FB026A4210300F91E9B /* AshtraySwiftUI */ = {
			isa = PBXGroup;
			children = (
				6E3E5FB126A4210300F91E9B /* AshtraySwiftUIApp.swift */,
				6E26ABD3276A446200726A71 /* View */,
				6EF8749B276B6EEE0023A8EB /* ViewModel */,
				6E42807526A756C100101B37 /* Model */,
				6E26ABD4276A449B00726A71 /* Resources */,
				6E3E5FB726A4210700F91E9B /* Previews */,
			);
			path = AshtraySwiftUI;
			sourceTree = "<group>";
		};
		6E3E5FB726A4210700F91E9B /* Previews */ = {
			isa = PBXGroup;
			children = (
				6E5E7C4E273FFA1400DA1AF9 /* Preview Code.swift */,
				6E3E5FB826A4210700F91E9B /* Preview Assets.xcassets */,
			);
			path = Previews;
			sourceTree = "<group>";
		};
		6E42807526A756C100101B37 /* Model */ = {
			isa = PBXGroup;
			children = (
				6E26ABBF276A43F500726A71 /* Model.swift */,
				6EE9D1932773683F00B29411 /* Model-StatsCalculator.swift */,
				6EE9D1952773710F00B29411 /* Count.swift */,
			);
			path = Model;
			sourceTree = "<group>";
		};
		6EA9678C273D9207005DB3C4 /* other */ = {
			isa = PBXGroup;
			children = (
				6E26ABCD276A442000726A71 /* TitleView.swift */,
				6E26ABB4276A43D600726A71 /* CustomPicker.swift */,
				6E26ABB7276A43D600726A71 /* MonthPicker.swift */,
				6E26ABB3276A43D600726A71 /* BarplotView.swift */,
				6E26ABB5276A43D600726A71 /* DatePickerExtension.swift */,
				6EF874A2276B80AD0023A8EB /* ListItemFormat.swift */,
			);
			path = other;
			sourceTree = "<group>";
		};
		6EF8749B276B6EEE0023A8EB /* ViewModel */ = {
			isa = PBXGroup;
			children = (
				6ED8E04B27724D6100E92996 /* SuperViewModel.swift */,
				6ED8E04D2772540E00E92996 /* ContentView-ViewModel.swift */,
				6ED8E0432771E0B700E92996 /* MainView-ViewModel.swift */,
				6ED8E0452771E0C400E92996 /* HistoryView-ViewModel.swift */,
				6ED8E0472771E0CE00E92996 /* AverageView-ViewModel.swift */,
				6ED8E0492771EF4F00E92996 /* SettingsView-ViewModel.swift */,
			);
			path = ViewModel;
			sourceTree = "<group>";
		};
		6EF874A9276BA7020023A8EB /* AshtraySwiftUITests */ = {
			isa = PBXGroup;
			children = (
				6EF874AA276BA7020023A8EB /* AshtraySwiftUITests.swift */,
				6EE9D19727738B7700B29411 /* AshtraySwiftUITests-ExampleCounts.swift */,
			);
			path = AshtraySwiftUITests;
			sourceTree = "<group>";
		};
/* End PBXGroup section */

/* Begin PBXNativeTarget section */
		6E3E5FAD26A4210300F91E9B /* AshtraySwiftUI */ = {
			isa = PBXNativeTarget;
			buildConfigurationList = 6E3E5FBD26A4210700F91E9B /* Build configuration list for PBXNativeTarget "AshtraySwiftUI" */;
			buildPhases = (
				6E3E5FAA26A4210300F91E9B /* Sources */,
				6E3E5FAB26A4210300F91E9B /* Frameworks */,
				6E3E5FAC26A4210300F91E9B /* Resources */,
				6E5E7C3A273FF5FE00DA1AF9 /* Embed App Extensions */,
			);
			buildRules = (
			);
			dependencies = (
			);
			name = AshtraySwiftUI;
			packageProductDependencies = (
				6E1A0C0D276A9CAF0000BEA5 /* MyPackage */,
			);
			productName = AshtraySwiftUI;
			productReference = 6E26ABD7276A493400726A71 /* AshtraySwiftUI.app */;
			productType = "com.apple.product-type.application";
		};
		6EF874A7276BA7020023A8EB /* AshtraySwiftUITests */ = {
			isa = PBXNativeTarget;
			buildConfigurationList = 6EF874AE276BA7020023A8EB /* Build configuration list for PBXNativeTarget "AshtraySwiftUITests" */;
			buildPhases = (
				6EF874A4276BA7020023A8EB /* Sources */,
				6EF874A5276BA7020023A8EB /* Frameworks */,
				6EF874A6276BA7020023A8EB /* Resources */,
			);
			buildRules = (
			);
			dependencies = (
				6EF874AD276BA7020023A8EB /* PBXTargetDependency */,
			);
			name = AshtraySwiftUITests;
			productName = AshtraySwiftUITests;
			productReference = 6EF874A8276BA7020023A8EB /* AshtraySwiftUITests.xctest */;
			productType = "com.apple.product-type.bundle.unit-test";
		};
/* End PBXNativeTarget section */

/* Begin PBXProject section */
		6E3E5FA626A4210300F91E9B /* Project object */ = {
			isa = PBXProject;
			attributes = {
				LastSwiftUpdateCheck = 1320;
				LastUpgradeCheck = 1250;
				TargetAttributes = {
					6E3E5FAD26A4210300F91E9B = {
						CreatedOnToolsVersion = 12.5.1;
					};
					6EF874A7276BA7020023A8EB = {
						CreatedOnToolsVersion = 13.2;
						TestTargetID = 6E3E5FAD26A4210300F91E9B;
					};
				};
			};
			buildConfigurationList = 6E3E5FA926A4210300F91E9B /* Build configuration list for PBXProject "AshtraySwiftUI" */;
			compatibilityVersion = "Xcode 9.3";
			developmentRegion = en;
			hasScannedForEncodings = 0;
			knownRegions = (
				en,
				Base,
			);
			mainGroup = 6E3E5FA526A4210300F91E9B;
			packageReferences = (
				6E1A0C09276A9C9F0000BEA5 /* XCRemoteSwiftPackageReference "MyPackage" */,
			);
			productRefGroup = 6E3E5FA526A4210300F91E9B;
			projectDirPath = "";
			projectRoot = "";
			targets = (
				6E3E5FAD26A4210300F91E9B /* AshtraySwiftUI */,
				6EF874A7276BA7020023A8EB /* AshtraySwiftUITests */,
			);
		};
/* End PBXProject section */

/* Begin PBXResourcesBuildPhase section */
		6E3E5FAC26A4210300F91E9B /* Resources */ = {
			isa = PBXResourcesBuildPhase;
			buildActionMask = 2147483647;
			files = (
				6E3E5FB926A4210700F91E9B /* Preview Assets.xcassets in Resources */,
				6E3E5FB626A4210700F91E9B /* Assets.xcassets in Resources */,
			);
			runOnlyForDeploymentPostprocessing = 0;
		};
		6EF874A6276BA7020023A8EB /* Resources */ = {
			isa = PBXResourcesBuildPhase;
			buildActionMask = 2147483647;
			files = (
			);
			runOnlyForDeploymentPostprocessing = 0;
		};
/* End PBXResourcesBuildPhase section */

/* Begin PBXSourcesBuildPhase section */
		6E3E5FAA26A4210300F91E9B /* Sources */ = {
			isa = PBXSourcesBuildPhase;
			buildActionMask = 2147483647;
			files = (
				6E26ABCE276A442000726A71 /* InfoView.swift in Sources */,
				6EE9D1942773683F00B29411 /* Model-StatsCalculator.swift in Sources */,
				6ED8E0442771E0B700E92996 /* MainView-ViewModel.swift in Sources */,
				6E26ABBC276A43D600726A71 /* MonthPicker.swift in Sources */,
				6E26ABB9276A43D600726A71 /* CustomPicker.swift in Sources */,
				6ED8E04A2771EF4F00E92996 /* SettingsView-ViewModel.swift in Sources */,
				6E26ABBA276A43D600726A71 /* DatePickerExtension.swift in Sources */,
				6E3E5FB226A4210300F91E9B /* AshtraySwiftUIApp.swift in Sources */,
				6ED8E0462771E0C400E92996 /* HistoryView-ViewModel.swift in Sources */,
				6E26ABD0276A442000726A71 /* TitleView.swift in Sources */,
				6E26ABCF276A442000726A71 /* SettingsView.swift in Sources */,
				6ED8E04C27724D6100E92996 /* SuperViewModel.swift in Sources */,
				6E26ABCA276A440000726A71 /* AverageView.swift in Sources */,
				6E26ABD2276A442B00726A71 /* ContentView.swift in Sources */,
				6ED8E0482771E0CE00E92996 /* AverageView-ViewModel.swift in Sources */,
				6EF874A3276B80AD0023A8EB /* ListItemFormat.swift in Sources */,
				6EE9D1962773710F00B29411 /* Count.swift in Sources */,
				6E26ABC8276A440000726A71 /* HistoryView.swift in Sources */,
				6E26ABC9276A440000726A71 /* MainView.swift in Sources */,
				6E26ABC3276A43F500726A71 /* Model.swift in Sources */,
				6E5E7C4F273FFA1400DA1AF9 /* Preview Code.swift in Sources */,
				6ED8E04E2772540E00E92996 /* ContentView-ViewModel.swift in Sources */,
				6E26ABB8276A43D600726A71 /* BarplotView.swift in Sources */,
			);
			runOnlyForDeploymentPostprocessing = 0;
		};
		6EF874A4276BA7020023A8EB /* Sources */ = {
			isa = PBXSourcesBuildPhase;
			buildActionMask = 2147483647;
			files = (
				6EF874AB276BA7020023A8EB /* AshtraySwiftUITests.swift in Sources */,
				6EE9D19827738B7700B29411 /* AshtraySwiftUITests-ExampleCounts.swift in Sources */,
			);
			runOnlyForDeploymentPostprocessing = 0;
		};
/* End PBXSourcesBuildPhase section */

/* Begin PBXTargetDependency section */
		6EF874AD276BA7020023A8EB /* PBXTargetDependency */ = {
			isa = PBXTargetDependency;
			target = 6E3E5FAD26A4210300F91E9B /* AshtraySwiftUI */;
			targetProxy = 6EF874AC276BA7020023A8EB /* PBXContainerItemProxy */;
		};
/* End PBXTargetDependency section */

/* Begin XCBuildConfiguration section */
		6E3E5FBB26A4210700F91E9B /* Debug */ = {
			isa = XCBuildConfiguration;
			buildSettings = {
				ALWAYS_SEARCH_USER_PATHS = NO;
				CLANG_ANALYZER_NONNULL = YES;
				CLANG_ANALYZER_NUMBER_OBJECT_CONVERSION = YES_AGGRESSIVE;
				CLANG_CXX_LANGUAGE_STANDARD = "gnu++14";
				CLANG_CXX_LIBRARY = "libc++";
				CLANG_ENABLE_MODULES = YES;
				CLANG_ENABLE_OBJC_ARC = YES;
				CLANG_ENABLE_OBJC_WEAK = YES;
				CLANG_WARN_BLOCK_CAPTURE_AUTORELEASING = YES;
				CLANG_WARN_BOOL_CONVERSION = YES;
				CLANG_WARN_COMMA = YES;
				CLANG_WARN_CONSTANT_CONVERSION = YES;
				CLANG_WARN_DEPRECATED_OBJC_IMPLEMENTATIONS = YES;
				CLANG_WARN_DIRECT_OBJC_ISA_USAGE = YES_ERROR;
				CLANG_WARN_DOCUMENTATION_COMMENTS = YES;
				CLANG_WARN_EMPTY_BODY = YES;
				CLANG_WARN_ENUM_CONVERSION = YES;
				CLANG_WARN_INFINITE_RECURSION = YES;
				CLANG_WARN_INT_CONVERSION = YES;
				CLANG_WARN_NON_LITERAL_NULL_CONVERSION = YES;
				CLANG_WARN_OBJC_IMPLICIT_RETAIN_SELF = YES;
				CLANG_WARN_OBJC_LITERAL_CONVERSION = YES;
				CLANG_WARN_OBJC_ROOT_CLASS = YES_ERROR;
				CLANG_WARN_QUOTED_INCLUDE_IN_FRAMEWORK_HEADER = YES;
				CLANG_WARN_RANGE_LOOP_ANALYSIS = YES;
				CLANG_WARN_STRICT_PROTOTYPES = YES;
				CLANG_WARN_SUSPICIOUS_MOVE = YES;
				CLANG_WARN_UNGUARDED_AVAILABILITY = YES_AGGRESSIVE;
				CLANG_WARN_UNREACHABLE_CODE = YES;
				CLANG_WARN__DUPLICATE_METHOD_MATCH = YES;
				COPY_PHASE_STRIP = NO;
				DEBUG_INFORMATION_FORMAT = dwarf;
				ENABLE_STRICT_OBJC_MSGSEND = YES;
				ENABLE_TESTABILITY = YES;
				GCC_C_LANGUAGE_STANDARD = gnu11;
				GCC_DYNAMIC_NO_PIC = NO;
				GCC_NO_COMMON_BLOCKS = YES;
				GCC_OPTIMIZATION_LEVEL = 0;
				GCC_PREPROCESSOR_DEFINITIONS = (
					"DEBUG=1",
					"$(inherited)",
				);
				GCC_WARN_64_TO_32_BIT_CONVERSION = YES;
				GCC_WARN_ABOUT_RETURN_TYPE = YES_ERROR;
				GCC_WARN_UNDECLARED_SELECTOR = YES;
				GCC_WARN_UNINITIALIZED_AUTOS = YES_AGGRESSIVE;
				GCC_WARN_UNUSED_FUNCTION = YES;
				GCC_WARN_UNUSED_VARIABLE = YES;
				IPHONEOS_DEPLOYMENT_TARGET = 15.0;
				MTL_ENABLE_DEBUG_INFO = INCLUDE_SOURCE;
				MTL_FAST_MATH = YES;
				ONLY_ACTIVE_ARCH = YES;
				SDKROOT = iphoneos;
				SWIFT_ACTIVE_COMPILATION_CONDITIONS = DEBUG;
				SWIFT_OPTIMIZATION_LEVEL = "-Onone";
			};
			name = Debug;
		};
		6E3E5FBC26A4210700F91E9B /* Release */ = {
			isa = XCBuildConfiguration;
			buildSettings = {
				ALWAYS_SEARCH_USER_PATHS = NO;
				CLANG_ANALYZER_NONNULL = YES;
				CLANG_ANALYZER_NUMBER_OBJECT_CONVERSION = YES_AGGRESSIVE;
				CLANG_CXX_LANGUAGE_STANDARD = "gnu++14";
				CLANG_CXX_LIBRARY = "libc++";
				CLANG_ENABLE_MODULES = YES;
				CLANG_ENABLE_OBJC_ARC = YES;
				CLANG_ENABLE_OBJC_WEAK = YES;
				CLANG_WARN_BLOCK_CAPTURE_AUTORELEASING = YES;
				CLANG_WARN_BOOL_CONVERSION = YES;
				CLANG_WARN_COMMA = YES;
				CLANG_WARN_CONSTANT_CONVERSION = YES;
				CLANG_WARN_DEPRECATED_OBJC_IMPLEMENTATIONS = YES;
				CLANG_WARN_DIRECT_OBJC_ISA_USAGE = YES_ERROR;
				CLANG_WARN_DOCUMENTATION_COMMENTS = YES;
				CLANG_WARN_EMPTY_BODY = YES;
				CLANG_WARN_ENUM_CONVERSION = YES;
				CLANG_WARN_INFINITE_RECURSION = YES;
				CLANG_WARN_INT_CONVERSION = YES;
				CLANG_WARN_NON_LITERAL_NULL_CONVERSION = YES;
				CLANG_WARN_OBJC_IMPLICIT_RETAIN_SELF = YES;
				CLANG_WARN_OBJC_LITERAL_CONVERSION = YES;
				CLANG_WARN_OBJC_ROOT_CLASS = YES_ERROR;
				CLANG_WARN_QUOTED_INCLUDE_IN_FRAMEWORK_HEADER = YES;
				CLANG_WARN_RANGE_LOOP_ANALYSIS = YES;
				CLANG_WARN_STRICT_PROTOTYPES = YES;
				CLANG_WARN_SUSPICIOUS_MOVE = YES;
				CLANG_WARN_UNGUARDED_AVAILABILITY = YES_AGGRESSIVE;
				CLANG_WARN_UNREACHABLE_CODE = YES;
				CLANG_WARN__DUPLICATE_METHOD_MATCH = YES;
				COPY_PHASE_STRIP = NO;
				DEBUG_INFORMATION_FORMAT = "dwarf-with-dsym";
				ENABLE_NS_ASSERTIONS = NO;
				ENABLE_STRICT_OBJC_MSGSEND = YES;
				GCC_C_LANGUAGE_STANDARD = gnu11;
				GCC_NO_COMMON_BLOCKS = YES;
				GCC_WARN_64_TO_32_BIT_CONVERSION = YES;
				GCC_WARN_ABOUT_RETURN_TYPE = YES_ERROR;
				GCC_WARN_UNDECLARED_SELECTOR = YES;
				GCC_WARN_UNINITIALIZED_AUTOS = YES_AGGRESSIVE;
				GCC_WARN_UNUSED_FUNCTION = YES;
				GCC_WARN_UNUSED_VARIABLE = YES;
				IPHONEOS_DEPLOYMENT_TARGET = 15.0;
				MTL_ENABLE_DEBUG_INFO = NO;
				MTL_FAST_MATH = YES;
				SDKROOT = iphoneos;
				SWIFT_COMPILATION_MODE = wholemodule;
				SWIFT_OPTIMIZATION_LEVEL = "-O";
				VALIDATE_PRODUCT = YES;
			};
			name = Release;
		};
		6E3E5FBE26A4210700F91E9B /* Debug */ = {
			isa = XCBuildConfiguration;
			buildSettings = {
				ALWAYS_EMBED_SWIFT_STANDARD_LIBRARIES = YES;
				ASSETCATALOG_COMPILER_APPICON_NAME = AppIcon;
				ASSETCATALOG_COMPILER_GLOBAL_ACCENT_COLOR_NAME = AccentColor;
				CODE_SIGN_IDENTITY = "iPhone Developer";
				CODE_SIGN_STYLE = Manual;
				DEVELOPMENT_ASSET_PATHS = AshtraySwiftUI/Previews;
				DEVELOPMENT_TEAM = 4UUEFBYP76;
				ENABLE_PREVIEWS = YES;
				INFOPLIST_FILE = AshtraySwiftUI/Resources/Info.plist;
				IPHONEOS_DEPLOYMENT_TARGET = 15.0;
				LD_RUNPATH_SEARCH_PATHS = (
					"$(inherited)",
					"@executable_path/Frameworks",
				);
				MARKETING_VERSION = 1.0;
				PRODUCT_BUNDLE_IDENTIFIER = LeopoldLemmermann.AshtraySwiftUI;
				PRODUCT_NAME = "$(TARGET_NAME)";
				PROVISIONING_PROFILE_SPECIFIER = AshtraySwiftUI;
				SWIFT_VERSION = 5.0;
				TARGETED_DEVICE_FAMILY = 1;
			};
			name = Debug;
		};
		6E3E5FBF26A4210700F91E9B /* Release */ = {
			isa = XCBuildConfiguration;
			buildSettings = {
				ALWAYS_EMBED_SWIFT_STANDARD_LIBRARIES = YES;
				ASSETCATALOG_COMPILER_APPICON_NAME = AppIcon;
				ASSETCATALOG_COMPILER_GLOBAL_ACCENT_COLOR_NAME = AccentColor;
				CODE_SIGN_IDENTITY = "iPhone Developer";
				CODE_SIGN_STYLE = Manual;
				DEVELOPMENT_ASSET_PATHS = AshtraySwiftUI/Previews;
				DEVELOPMENT_TEAM = 4UUEFBYP76;
				ENABLE_PREVIEWS = YES;
				INFOPLIST_FILE = AshtraySwiftUI/Resources/Info.plist;
				IPHONEOS_DEPLOYMENT_TARGET = 15.0;
				LD_RUNPATH_SEARCH_PATHS = (
					"$(inherited)",
					"@executable_path/Frameworks",
				);
				MARKETING_VERSION = 1.0;
				PRODUCT_BUNDLE_IDENTIFIER = LeopoldLemmermann.AshtraySwiftUI;
				PRODUCT_NAME = "$(TARGET_NAME)";
				PROVISIONING_PROFILE_SPECIFIER = AshtraySwiftUI;
				SWIFT_VERSION = 5.0;
				TARGETED_DEVICE_FAMILY = 1;
			};
			name = Release;
		};
		6EF874AF276BA7020023A8EB /* Debug */ = {
			isa = XCBuildConfiguration;
			buildSettings = {
				BUNDLE_LOADER = "$(TEST_HOST)";
				CLANG_CXX_LANGUAGE_STANDARD = "gnu++17";
				CODE_SIGN_STYLE = Automatic;
				CURRENT_PROJECT_VERSION = 1;
				DEVELOPMENT_TEAM = 4UUEFBYP76;
				GENERATE_INFOPLIST_FILE = YES;
				IPHONEOS_DEPLOYMENT_TARGET = 15.2;
				MARKETING_VERSION = 1.0;
				PRODUCT_BUNDLE_IDENTIFIER = leolem.AshtraySwiftUITests;
				PRODUCT_NAME = "$(TARGET_NAME)";
				SWIFT_EMIT_LOC_STRINGS = NO;
				SWIFT_VERSION = 5.0;
				TARGETED_DEVICE_FAMILY = "1,2";
				TEST_HOST = "$(BUILT_PRODUCTS_DIR)/AshtraySwiftUI.app/AshtraySwiftUI";
			};
			name = Debug;
		};
		6EF874B0276BA7020023A8EB /* Release */ = {
			isa = XCBuildConfiguration;
			buildSettings = {
				BUNDLE_LOADER = "$(TEST_HOST)";
				CLANG_CXX_LANGUAGE_STANDARD = "gnu++17";
				CODE_SIGN_STYLE = Automatic;
				CURRENT_PROJECT_VERSION = 1;
				DEVELOPMENT_TEAM = 4UUEFBYP76;
				GENERATE_INFOPLIST_FILE = YES;
				IPHONEOS_DEPLOYMENT_TARGET = 15.2;
				MARKETING_VERSION = 1.0;
				PRODUCT_BUNDLE_IDENTIFIER = leolem.AshtraySwiftUITests;
				PRODUCT_NAME = "$(TARGET_NAME)";
				SWIFT_EMIT_LOC_STRINGS = NO;
				SWIFT_VERSION = 5.0;
				TARGETED_DEVICE_FAMILY = "1,2";
				TEST_HOST = "$(BUILT_PRODUCTS_DIR)/AshtraySwiftUI.app/AshtraySwiftUI";
			};
			name = Release;
		};
/* End XCBuildConfiguration section */

/* Begin XCConfigurationList section */
		6E3E5FA926A4210300F91E9B /* Build configuration list for PBXProject "AshtraySwiftUI" */ = {
			isa = XCConfigurationList;
			buildConfigurations = (
				6E3E5FBB26A4210700F91E9B /* Debug */,
				6E3E5FBC26A4210700F91E9B /* Release */,
			);
			defaultConfigurationIsVisible = 0;
			defaultConfigurationName = Release;
		};
		6E3E5FBD26A4210700F91E9B /* Build configuration list for PBXNativeTarget "AshtraySwiftUI" */ = {
			isa = XCConfigurationList;
			buildConfigurations = (
				6E3E5FBE26A4210700F91E9B /* Debug */,
				6E3E5FBF26A4210700F91E9B /* Release */,
			);
			defaultConfigurationIsVisible = 0;
			defaultConfigurationName = Release;
		};
		6EF874AE276BA7020023A8EB /* Build configuration list for PBXNativeTarget "AshtraySwiftUITests" */ = {
			isa = XCConfigurationList;
			buildConfigurations = (
				6EF874AF276BA7020023A8EB /* Debug */,
				6EF874B0276BA7020023A8EB /* Release */,
			);
			defaultConfigurationIsVisible = 0;
			defaultConfigurationName = Release;
		};
/* End XCConfigurationList section */

/* Begin XCRemoteSwiftPackageReference section */
		6E1A0C09276A9C9F0000BEA5 /* XCRemoteSwiftPackageReference "MyPackage" */ = {
			isa = XCRemoteSwiftPackageReference;
			repositoryURL = "https://github.com/Leo-Lem/MyPackage";
			requirement = {
				branch = main;
				kind = branch;
			};
		};
/* End XCRemoteSwiftPackageReference section */

/* Begin XCSwiftPackageProductDependency section */
		6E1A0C0D276A9CAF0000BEA5 /* MyPackage */ = {
			isa = XCSwiftPackageProductDependency;
			package = 6E1A0C09276A9C9F0000BEA5 /* XCRemoteSwiftPackageReference "MyPackage" */;
			productName = MyPackage;
		};
/* End XCSwiftPackageProductDependency section */
	};
	rootObject = 6E3E5FA626A4210300F91E9B /* Project object */;
}
