{
  "object": {
    "pins": [
      {
        "package": "MyPackage",
        "repositoryURL": "https://github.com/Leo-Lem/MyPackage",
        "state": {
          "branch": "main",
          "revision": "9cf59e5a0cd9e4f7a2807df60c903d98507b72c0",
          "version": null
        }
      }
    ]
  },
  "version": 1
}
