// !$*UTF8*$!
{
	archiveVersion = 1;
	classes = {
	};
	objectVersion = 77;
	objects = {

/* Begin PBXBuildFile section */
		6E5E44912D5BA2DE0041BE73 /* App in Frameworks */ = {isa = PBXBuildFile; productRef = 6E5E44902D5BA2DE0041BE73 /* App */; };
		6E91322F2D523C3700E25F16 /* Smokes.swift in Sources */ = {isa = PBXBuildFile; fileRef = 6E91322E2D523C3700E25F16 /* Smokes.swift */; };
/* End PBXBuildFile section */

/* Begin PBXContainerItemProxy section */
		6ED91E26293FB7BB00728E2B /* PBXContainerItemProxy */ = {
			isa = PBXContainerItemProxy;
			containerPortal = 6E48373D28EC991100B67CA4 /* Project object */;
			proxyType = 1;
			remoteGlobalIDString = 6E48374428EC991100B67CA4;
			remoteInfo = ashtray;
		};
/* End PBXContainerItemProxy section */

/* Begin PBXFileReference section */
		6E48374528EC991100B67CA4 /* Smokes.app */ = {isa = PBXFileReference; explicitFileType = wrapper.application; includeInIndex = 0; path = Smokes.app; sourceTree = BUILT_PRODUCTS_DIR; };
		6E6C05292D4F930400CAFDBC /* features */ = {isa = PBXFileReference; lastKnownFileType = wrapper; path = features; sourceTree = "<group>"; };
		6E91322E2D523C3700E25F16 /* Smokes.swift */ = {isa = PBXFileReference; lastKnownFileType = sourcecode.swift; path = Smokes.swift; sourceTree = "<group>"; };
		6ED374692D4F8535008586CC /* CNAME */ = {isa = PBXFileReference; lastKnownFileType = text; path = CNAME; sourceTree = "<group>"; };
		6ED3746B2D4F8535008586CC /* extensions */ = {isa = PBXFileReference; lastKnownFileType = wrapper; path = extensions; sourceTree = "<group>"; };
		6ED3746C2D4F8535008586CC /* facts */ = {isa = PBXFileReference; lastKnownFileType = wrapper; path = facts; sourceTree = "<group>"; };
		6ED3746D2D4F8535008586CC /* LICENSE */ = {isa = PBXFileReference; lastKnownFileType = text; path = LICENSE; sourceTree = "<group>"; };
		6ED3746E2D4F8535008586CC /* library */ = {isa = PBXFileReference; lastKnownFileType = wrapper; path = library; sourceTree = "<group>"; };
		6ED3746F2D4F8535008586CC /* README.md */ = {isa = PBXFileReference; lastKnownFileType = net.daringfireball.markdown; path = README.md; sourceTree = "<group>"; };
		6ED91E20293FB7BB00728E2B /* SmokesUITests.xctest */ = {isa = PBXFileReference; explicitFileType = wrapper.cfbundle; includeInIndex = 0; path = SmokesUITests.xctest; sourceTree = BUILT_PRODUCTS_DIR; };
/* End PBXFileReference section */

/* Begin PBXFileSystemSynchronizedBuildFileExceptionSet section */
		6E4F71CC2D593C0B008EBF3D /* Exceptions for "test" folder in "SmokesUITests" target */ = {
			isa = PBXFileSystemSynchronizedBuildFileExceptionSet;
			membershipExceptions = (
				ui.swift,
			);
			target = 6ED91E1F293FB7BB00728E2B /* SmokesUITests */;
		};
		6E558D852D5A6BBE001069E2 /* Exceptions for "resource" folder in "Smokes" target */ = {
			isa = PBXFileSystemSynchronizedBuildFileExceptionSet;
			membershipExceptions = (
				Assets.xcassets,
				LaunchScreen.storyboard,
				Localizable.xcstrings,
			);
			target = 6E48374428EC991100B67CA4 /* Smokes */;
		};
/* End PBXFileSystemSynchronizedBuildFileExceptionSet section */

/* Begin PBXFileSystemSynchronizedRootGroup section */
		6ED374D12D4F8565008586CC /* test */ = {
			isa = PBXFileSystemSynchronizedRootGroup;
			exceptions = (
				6E4F71CC2D593C0B008EBF3D /* Exceptions for "test" folder in "SmokesUITests" target */,
			);
			path = test;
			sourceTree = "<group>";
		};
		6EF802132D58A12900069BB1 /* resource */ = {
			isa = PBXFileSystemSynchronizedRootGroup;
			exceptions = (
				6E558D852D5A6BBE001069E2 /* Exceptions for "resource" folder in "Smokes" target */,
			);
			path = resource;
			sourceTree = "<group>";
		};
/* End PBXFileSystemSynchronizedRootGroup section */

/* Begin PBXFrameworksBuildPhase section */
		6E48374228EC991100B67CA4 /* Frameworks */ = {
			isa = PBXFrameworksBuildPhase;
			buildActionMask = 2147483647;
			files = (
				6E5E44912D5BA2DE0041BE73 /* App in Frameworks */,
			);
			runOnlyForDeploymentPostprocessing = 0;
		};
		6ED91E1D293FB7BB00728E2B /* Frameworks */ = {
			isa = PBXFrameworksBuildPhase;
			buildActionMask = 2147483647;
			files = (
			);
			runOnlyForDeploymentPostprocessing = 0;
		};
/* End PBXFrameworksBuildPhase section */

/* Begin PBXGroup section */
		6E48373C28EC991100B67CA4 = {
			isa = PBXGroup;
			children = (
				6ED3746F2D4F8535008586CC /* README.md */,
				6E91322E2D523C3700E25F16 /* Smokes.swift */,
				6ED374D12D4F8565008586CC /* test */,
				6EF802132D58A12900069BB1 /* resource */,
				6E6C05292D4F930400CAFDBC /* features */,
				6ED3746E2D4F8535008586CC /* library */,
				6ED3746B2D4F8535008586CC /* extensions */,
				6ED3746C2D4F8535008586CC /* facts */,
				6ED3746D2D4F8535008586CC /* LICENSE */,
				6ED374692D4F8535008586CC /* CNAME */,
				6E48374628EC991100B67CA4 /* Products */,
			);
			sourceTree = "<group>";
		};
		6E48374628EC991100B67CA4 /* Products */ = {
			isa = PBXGroup;
			children = (
				6E48374528EC991100B67CA4 /* Smokes.app */,
				6ED91E20293FB7BB00728E2B /* SmokesUITests.xctest */,
			);
			name = Products;
			sourceTree = "<group>";
		};
/* End PBXGroup section */

/* Begin PBXNativeTarget section */
		6E48374428EC991100B67CA4 /* Smokes */ = {
			isa = PBXNativeTarget;
			buildConfigurationList = 6E48375328EC991200B67CA4 /* Build configuration list for PBXNativeTarget "Smokes" */;
			buildPhases = (
				6E48374128EC991100B67CA4 /* Sources */,
				6E48374228EC991100B67CA4 /* Frameworks */,
				6E48374328EC991100B67CA4 /* Resources */,
			);
			buildRules = (
			);
			dependencies = (
				6E136CD52D4F7EAB00800130 /* PBXTargetDependency */,
			);
			name = Smokes;
			packageProductDependencies = (
				6E5E44902D5BA2DE0041BE73 /* App */,
			);
			productName = xxxxx;
			productReference = 6E48374528EC991100B67CA4 /* Smokes.app */;
			productType = "com.apple.product-type.application";
		};
		6ED91E1F293FB7BB00728E2B /* SmokesUITests */ = {
			isa = PBXNativeTarget;
			buildConfigurationList = 6ED91E28293FB7BB00728E2B /* Build configuration list for PBXNativeTarget "SmokesUITests" */;
			buildPhases = (
				6ED91E1C293FB7BB00728E2B /* Sources */,
				6ED91E1D293FB7BB00728E2B /* Frameworks */,
				6ED91E1E293FB7BB00728E2B /* Resources */,
			);
			buildRules = (
			);
			dependencies = (
				6ED91E27293FB7BB00728E2B /* PBXTargetDependency */,
			);
			name = SmokesUITests;
			productName = ashtrayUITests;
			productReference = 6ED91E20293FB7BB00728E2B /* SmokesUITests.xctest */;
			productType = "com.apple.product-type.bundle.ui-testing";
		};
/* End PBXNativeTarget section */

/* Begin PBXProject section */
		6E48373D28EC991100B67CA4 /* Project object */ = {
			isa = PBXProject;
			attributes = {
				BuildIndependentTargetsInParallel = 1;
				LastSwiftUpdateCheck = 1410;
				LastUpgradeCheck = 1620;
				TargetAttributes = {
					6E48374428EC991100B67CA4 = {
						CreatedOnToolsVersion = 14.0.1;
					};
					6ED91E1F293FB7BB00728E2B = {
						CreatedOnToolsVersion = 14.1;
						TestTargetID = 6E48374428EC991100B67CA4;
					};
				};
			};
			buildConfigurationList = 6E48374028EC991100B67CA4 /* Build configuration list for PBXProject "smokes" */;
			developmentRegion = en;
			hasScannedForEncodings = 0;
			knownRegions = (
				en,
				Base,
				de,
			);
			mainGroup = 6E48373C28EC991100B67CA4;
			minimizedProjectReferenceProxies = 1;
			packageReferences = (
				6E136CD32D4F7E9D00800130 /* XCRemoteSwiftPackageReference "SwiftLintPlugins" */,
				6E5E448F2D5BA2DE0041BE73 /* XCLocalSwiftPackageReference "features" */,
			);
			preferredProjectObjectVersion = 77;
			productRefGroup = 6E48374628EC991100B67CA4 /* Products */;
			projectDirPath = "";
			projectRoot = "";
			targets = (
				6E48374428EC991100B67CA4 /* Smokes */,
				6ED91E1F293FB7BB00728E2B /* SmokesUITests */,
			);
		};
/* End PBXProject section */

/* Begin PBXResourcesBuildPhase section */
		6E48374328EC991100B67CA4 /* Resources */ = {
			isa = PBXResourcesBuildPhase;
			buildActionMask = 2147483647;
			files = (
			);
			runOnlyForDeploymentPostprocessing = 0;
		};
		6ED91E1E293FB7BB00728E2B /* Resources */ = {
			isa = PBXResourcesBuildPhase;
			buildActionMask = 2147483647;
			files = (
			);
			runOnlyForDeploymentPostprocessing = 0;
		};
/* End PBXResourcesBuildPhase section */

/* Begin PBXSourcesBuildPhase section */
		6E48374128EC991100B67CA4 /* Sources */ = {
			isa = PBXSourcesBuildPhase;
			buildActionMask = 2147483647;
			files = (
				6E91322F2D523C3700E25F16 /* Smokes.swift in Sources */,
			);
			runOnlyForDeploymentPostprocessing = 0;
		};
		6ED91E1C293FB7BB00728E2B /* Sources */ = {
			isa = PBXSourcesBuildPhase;
			buildActionMask = 2147483647;
			files = (
			);
			runOnlyForDeploymentPostprocessing = 0;
		};
/* End PBXSourcesBuildPhase section */

/* Begin PBXTargetDependency section */
		6E136CD52D4F7EAB00800130 /* PBXTargetDependency */ = {
			isa = PBXTargetDependency;
			productRef = 6E136CD42D4F7EAB00800130 /* SwiftLintBuildToolPlugin */;
		};
		6ED91E27293FB7BB00728E2B /* PBXTargetDependency */ = {
			isa = PBXTargetDependency;
			target = 6E48374428EC991100B67CA4 /* Smokes */;
			targetProxy = 6ED91E26293FB7BB00728E2B /* PBXContainerItemProxy */;
		};
/* End PBXTargetDependency section */

/* Begin XCBuildConfiguration section */
		6E3E94DB2A19E8990027C1E3 /* Test */ = {
			isa = XCBuildConfiguration;
			buildSettings = {
				ALWAYS_SEARCH_USER_PATHS = NO;
				ASSETCATALOG_COMPILER_GENERATE_SWIFT_ASSET_SYMBOL_EXTENSIONS = YES;
				CLANG_ANALYZER_LOCALIZABILITY_NONLOCALIZED = YES;
				CLANG_ANALYZER_NONNULL = YES;
				CLANG_ANALYZER_NUMBER_OBJECT_CONVERSION = YES_AGGRESSIVE;
				CLANG_CXX_LANGUAGE_STANDARD = "gnu++20";
				CLANG_ENABLE_MODULES = YES;
				CLANG_ENABLE_OBJC_ARC = YES;
				CLANG_ENABLE_OBJC_WEAK = YES;
				CLANG_WARN_BLOCK_CAPTURE_AUTORELEASING = YES;
				CLANG_WARN_BOOL_CONVERSION = YES;
				CLANG_WARN_COMMA = YES;
				CLANG_WARN_CONSTANT_CONVERSION = YES;
				CLANG_WARN_DEPRECATED_OBJC_IMPLEMENTATIONS = YES;
				CLANG_WARN_DIRECT_OBJC_ISA_USAGE = YES_ERROR;
				CLANG_WARN_DOCUMENTATION_COMMENTS = YES;
				CLANG_WARN_EMPTY_BODY = YES;
				CLANG_WARN_ENUM_CONVERSION = YES;
				CLANG_WARN_INFINITE_RECURSION = YES;
				CLANG_WARN_INT_CONVERSION = YES;
				CLANG_WARN_NON_LITERAL_NULL_CONVERSION = YES;
				CLANG_WARN_OBJC_IMPLICIT_RETAIN_SELF = YES;
				CLANG_WARN_OBJC_LITERAL_CONVERSION = YES;
				CLANG_WARN_OBJC_ROOT_CLASS = YES_ERROR;
				CLANG_WARN_QUOTED_INCLUDE_IN_FRAMEWORK_HEADER = YES;
				CLANG_WARN_RANGE_LOOP_ANALYSIS = YES;
				CLANG_WARN_STRICT_PROTOTYPES = YES;
				CLANG_WARN_SUSPICIOUS_MOVE = YES;
				CLANG_WARN_UNGUARDED_AVAILABILITY = YES_AGGRESSIVE;
				CLANG_WARN_UNREACHABLE_CODE = YES;
				CLANG_WARN__DUPLICATE_METHOD_MATCH = YES;
				COPY_PHASE_STRIP = NO;
				DEBUG_INFORMATION_FORMAT = dwarf;
				ENABLE_STRICT_OBJC_MSGSEND = YES;
				ENABLE_TESTABILITY = YES;
				ENABLE_USER_SCRIPT_SANDBOXING = YES;
				GCC_C_LANGUAGE_STANDARD = gnu11;
				GCC_DYNAMIC_NO_PIC = NO;
				GCC_NO_COMMON_BLOCKS = YES;
				GCC_OPTIMIZATION_LEVEL = 0;
				GCC_PREPROCESSOR_DEFINITIONS = (
					"DEBUG=1",
					"$(inherited)",
				);
				GCC_WARN_64_TO_32_BIT_CONVERSION = YES;
				GCC_WARN_ABOUT_RETURN_TYPE = YES_ERROR;
				GCC_WARN_UNDECLARED_SELECTOR = YES;
				GCC_WARN_UNINITIALIZED_AUTOS = YES_AGGRESSIVE;
				GCC_WARN_UNUSED_FUNCTION = YES;
				GCC_WARN_UNUSED_VARIABLE = YES;
				LOCALIZATION_PREFERS_STRING_CATALOGS = YES;
				MTL_ENABLE_DEBUG_INFO = INCLUDE_SOURCE;
				MTL_FAST_MATH = YES;
				ONLY_ACTIVE_ARCH = YES;
				SDKROOT = iphoneos;
				SWIFT_ACTIVE_COMPILATION_CONDITIONS = DEBUG;
				SWIFT_EMIT_LOC_STRINGS = YES;
				SWIFT_OPTIMIZATION_LEVEL = "-Onone";
			};
			name = Test;
		};
		6E3E94DC2A19E8990027C1E3 /* Test */ = {
			isa = XCBuildConfiguration;
			buildSettings = {
				ASSETCATALOG_COMPILER_APPICON_NAME = AppIcon;
				ASSETCATALOG_COMPILER_GLOBAL_ACCENT_COLOR_NAME = AccentColor;
				CURRENT_PROJECT_VERSION = 1;
				DEVELOPMENT_ASSET_PATHS = resource/previews;
				DEVELOPMENT_TEAM = 4UUEFBYP76;
				GENERATE_INFOPLIST_FILE = YES;
				INFOPLIST_FILE = resource/Info.plist;
				INFOPLIST_KEY_CFBundleDisplayName = Smokes;
				INFOPLIST_KEY_LSApplicationCategoryType = "public.app-category.lifestyle";
				INFOPLIST_KEY_UILaunchStoryboardName = LaunchScreen.storyboard;
				INFOPLIST_KEY_UISupportedInterfaceOrientations = UIInterfaceOrientationPortrait;
				MARKETING_VERSION = 1.2;
				PRODUCT_BUNDLE_IDENTIFIER = LeoLem.Smokes;
				PRODUCT_NAME = "$(TARGET_NAME)";
				SWIFT_ACTIVE_COMPILATION_CONDITIONS = TEST;
				SWIFT_VERSION = 6.0;
				TARGETED_DEVICE_FAMILY = "1,2";
			};
			name = Test;
		};
		6E3E94DE2A19E8990027C1E3 /* Test */ = {
			isa = XCBuildConfiguration;
			buildSettings = {
				DEVELOPMENT_TEAM = 4UUEFBYP76;
				GENERATE_INFOPLIST_FILE = YES;
				PRODUCT_BUNDLE_IDENTIFIER = LeoLem.SmokesUITests;
				PRODUCT_NAME = "$(TARGET_NAME)";
				SWIFT_VERSION = 6.0;
				TARGETED_DEVICE_FAMILY = "1,2";
				TEST_TARGET_NAME = Smokes;
			};
			name = Test;
		};
		6E48375128EC991200B67CA4 /* Debug */ = {
			isa = XCBuildConfiguration;
			buildSettings = {
				ALWAYS_SEARCH_USER_PATHS = NO;
				ASSETCATALOG_COMPILER_GENERATE_SWIFT_ASSET_SYMBOL_EXTENSIONS = YES;
				CLANG_ANALYZER_LOCALIZABILITY_NONLOCALIZED = YES;
				CLANG_ANALYZER_NONNULL = YES;
				CLANG_ANALYZER_NUMBER_OBJECT_CONVERSION = YES_AGGRESSIVE;
				CLANG_CXX_LANGUAGE_STANDARD = "gnu++20";
				CLANG_ENABLE_MODULES = YES;
				CLANG_ENABLE_OBJC_ARC = YES;
				CLANG_ENABLE_OBJC_WEAK = YES;
				CLANG_WARN_BLOCK_CAPTURE_AUTORELEASING = YES;
				CLANG_WARN_BOOL_CONVERSION = YES;
				CLANG_WARN_COMMA = YES;
				CLANG_WARN_CONSTANT_CONVERSION = YES;
				CLANG_WARN_DEPRECATED_OBJC_IMPLEMENTATIONS = YES;
				CLANG_WARN_DIRECT_OBJC_ISA_USAGE = YES_ERROR;
				CLANG_WARN_DOCUMENTATION_COMMENTS = YES;
				CLANG_WARN_EMPTY_BODY = YES;
				CLANG_WARN_ENUM_CONVERSION = YES;
				CLANG_WARN_INFINITE_RECURSION = YES;
				CLANG_WARN_INT_CONVERSION = YES;
				CLANG_WARN_NON_LITERAL_NULL_CONVERSION = YES;
				CLANG_WARN_OBJC_IMPLICIT_RETAIN_SELF = YES;
				CLANG_WARN_OBJC_LITERAL_CONVERSION = YES;
				CLANG_WARN_OBJC_ROOT_CLASS = YES_ERROR;
				CLANG_WARN_QUOTED_INCLUDE_IN_FRAMEWORK_HEADER = YES;
				CLANG_WARN_RANGE_LOOP_ANALYSIS = YES;
				CLANG_WARN_STRICT_PROTOTYPES = YES;
				CLANG_WARN_SUSPICIOUS_MOVE = YES;
				CLANG_WARN_UNGUARDED_AVAILABILITY = YES_AGGRESSIVE;
				CLANG_WARN_UNREACHABLE_CODE = YES;
				CLANG_WARN__DUPLICATE_METHOD_MATCH = YES;
				COPY_PHASE_STRIP = NO;
				DEBUG_INFORMATION_FORMAT = dwarf;
				ENABLE_STRICT_OBJC_MSGSEND = YES;
				ENABLE_TESTABILITY = YES;
				ENABLE_USER_SCRIPT_SANDBOXING = YES;
				GCC_C_LANGUAGE_STANDARD = gnu11;
				GCC_DYNAMIC_NO_PIC = NO;
				GCC_NO_COMMON_BLOCKS = YES;
				GCC_OPTIMIZATION_LEVEL = 0;
				GCC_PREPROCESSOR_DEFINITIONS = (
					"DEBUG=1",
					"$(inherited)",
				);
				GCC_WARN_64_TO_32_BIT_CONVERSION = YES;
				GCC_WARN_ABOUT_RETURN_TYPE = YES_ERROR;
				GCC_WARN_UNDECLARED_SELECTOR = YES;
				GCC_WARN_UNINITIALIZED_AUTOS = YES_AGGRESSIVE;
				GCC_WARN_UNUSED_FUNCTION = YES;
				GCC_WARN_UNUSED_VARIABLE = YES;
				LOCALIZATION_PREFERS_STRING_CATALOGS = YES;
				MTL_ENABLE_DEBUG_INFO = INCLUDE_SOURCE;
				MTL_FAST_MATH = YES;
				ONLY_ACTIVE_ARCH = YES;
				SDKROOT = iphoneos;
				SWIFT_ACTIVE_COMPILATION_CONDITIONS = DEBUG;
				SWIFT_EMIT_LOC_STRINGS = YES;
				SWIFT_OPTIMIZATION_LEVEL = "-Onone";
			};
			name = Debug;
		};
		6E48375228EC991200B67CA4 /* Release */ = {
			isa = XCBuildConfiguration;
			buildSettings = {
				ALWAYS_SEARCH_USER_PATHS = NO;
				ASSETCATALOG_COMPILER_GENERATE_SWIFT_ASSET_SYMBOL_EXTENSIONS = YES;
				CLANG_ANALYZER_LOCALIZABILITY_NONLOCALIZED = YES;
				CLANG_ANALYZER_NONNULL = YES;
				CLANG_ANALYZER_NUMBER_OBJECT_CONVERSION = YES_AGGRESSIVE;
				CLANG_CXX_LANGUAGE_STANDARD = "gnu++20";
				CLANG_ENABLE_MODULES = YES;
				CLANG_ENABLE_OBJC_ARC = YES;
				CLANG_ENABLE_OBJC_WEAK = YES;
				CLANG_WARN_BLOCK_CAPTURE_AUTORELEASING = YES;
				CLANG_WARN_BOOL_CONVERSION = YES;
				CLANG_WARN_COMMA = YES;
				CLANG_WARN_CONSTANT_CONVERSION = YES;
				CLANG_WARN_DEPRECATED_OBJC_IMPLEMENTATIONS = YES;
				CLANG_WARN_DIRECT_OBJC_ISA_USAGE = YES_ERROR;
				CLANG_WARN_DOCUMENTATION_COMMENTS = YES;
				CLANG_WARN_EMPTY_BODY = YES;
				CLANG_WARN_ENUM_CONVERSION = YES;
				CLANG_WARN_INFINITE_RECURSION = YES;
				CLANG_WARN_INT_CONVERSION = YES;
				CLANG_WARN_NON_LITERAL_NULL_CONVERSION = YES;
				CLANG_WARN_OBJC_IMPLICIT_RETAIN_SELF = YES;
				CLANG_WARN_OBJC_LITERAL_CONVERSION = YES;
				CLANG_WARN_OBJC_ROOT_CLASS = YES_ERROR;
				CLANG_WARN_QUOTED_INCLUDE_IN_FRAMEWORK_HEADER = YES;
				CLANG_WARN_RANGE_LOOP_ANALYSIS = YES;
				CLANG_WARN_STRICT_PROTOTYPES = YES;
				CLANG_WARN_SUSPICIOUS_MOVE = YES;
				CLANG_WARN_UNGUARDED_AVAILABILITY = YES_AGGRESSIVE;
				CLANG_WARN_UNREACHABLE_CODE = YES;
				CLANG_WARN__DUPLICATE_METHOD_MATCH = YES;
				COPY_PHASE_STRIP = NO;
				DEBUG_INFORMATION_FORMAT = "dwarf-with-dsym";
				ENABLE_NS_ASSERTIONS = NO;
				ENABLE_STRICT_OBJC_MSGSEND = YES;
				ENABLE_USER_SCRIPT_SANDBOXING = YES;
				GCC_C_LANGUAGE_STANDARD = gnu11;
				GCC_NO_COMMON_BLOCKS = YES;
				GCC_WARN_64_TO_32_BIT_CONVERSION = YES;
				GCC_WARN_ABOUT_RETURN_TYPE = YES_ERROR;
				GCC_WARN_UNDECLARED_SELECTOR = YES;
				GCC_WARN_UNINITIALIZED_AUTOS = YES_AGGRESSIVE;
				GCC_WARN_UNUSED_FUNCTION = YES;
				GCC_WARN_UNUSED_VARIABLE = YES;
				LOCALIZATION_PREFERS_STRING_CATALOGS = YES;
				MTL_ENABLE_DEBUG_INFO = NO;
				MTL_FAST_MATH = YES;
				SDKROOT = iphoneos;
				SWIFT_COMPILATION_MODE = wholemodule;
				SWIFT_EMIT_LOC_STRINGS = YES;
				SWIFT_OPTIMIZATION_LEVEL = "-O";
				VALIDATE_PRODUCT = YES;
			};
			name = Release;
		};
		6E48375428EC991200B67CA4 /* Debug */ = {
			isa = XCBuildConfiguration;
			buildSettings = {
				ASSETCATALOG_COMPILER_APPICON_NAME = AppIcon;
				ASSETCATALOG_COMPILER_GLOBAL_ACCENT_COLOR_NAME = AccentColor;
				CURRENT_PROJECT_VERSION = 1;
				DEVELOPMENT_ASSET_PATHS = resource/previews;
				DEVELOPMENT_TEAM = 4UUEFBYP76;
				GENERATE_INFOPLIST_FILE = YES;
				INFOPLIST_FILE = resource/Info.plist;
				INFOPLIST_KEY_CFBundleDisplayName = Smokes;
				INFOPLIST_KEY_LSApplicationCategoryType = "public.app-category.lifestyle";
				INFOPLIST_KEY_UILaunchStoryboardName = LaunchScreen.storyboard;
				INFOPLIST_KEY_UISupportedInterfaceOrientations = UIInterfaceOrientationPortrait;
				MARKETING_VERSION = 1.2;
				PRODUCT_BUNDLE_IDENTIFIER = LeoLem.Smokes;
				PRODUCT_NAME = "$(TARGET_NAME)";
				SWIFT_VERSION = 6.0;
				TARGETED_DEVICE_FAMILY = "1,2";
			};
			name = Debug;
		};
		6E48375528EC991200B67CA4 /* Release */ = {
			isa = XCBuildConfiguration;
			buildSettings = {
				ASSETCATALOG_COMPILER_APPICON_NAME = AppIcon;
				ASSETCATALOG_COMPILER_GLOBAL_ACCENT_COLOR_NAME = AccentColor;
				CURRENT_PROJECT_VERSION = 1;
				DEVELOPMENT_ASSET_PATHS = resource/previews;
				DEVELOPMENT_TEAM = 4UUEFBYP76;
				GENERATE_INFOPLIST_FILE = YES;
				INFOPLIST_FILE = resource/Info.plist;
				INFOPLIST_KEY_CFBundleDisplayName = Smokes;
				INFOPLIST_KEY_LSApplicationCategoryType = "public.app-category.lifestyle";
				INFOPLIST_KEY_UILaunchStoryboardName = LaunchScreen.storyboard;
				INFOPLIST_KEY_UISupportedInterfaceOrientations = UIInterfaceOrientationPortrait;
				MARKETING_VERSION = 1.2;
				PRODUCT_BUNDLE_IDENTIFIER = LeoLem.Smokes;
				PRODUCT_NAME = "$(TARGET_NAME)";
				SWIFT_VERSION = 6.0;
				TARGETED_DEVICE_FAMILY = "1,2";
			};
			name = Release;
		};
		6ED91E29293FB7BB00728E2B /* Debug */ = {
			isa = XCBuildConfiguration;
			buildSettings = {
				DEVELOPMENT_TEAM = 4UUEFBYP76;
				GENERATE_INFOPLIST_FILE = YES;
				PRODUCT_BUNDLE_IDENTIFIER = LeoLem.SmokesUITests;
				PRODUCT_NAME = "$(TARGET_NAME)";
				SWIFT_VERSION = 6.0;
				TARGETED_DEVICE_FAMILY = "1,2";
				TEST_TARGET_NAME = Smokes;
			};
			name = Debug;
		};
		6ED91E2A293FB7BB00728E2B /* Release */ = {
			isa = XCBuildConfiguration;
			buildSettings = {
				DEVELOPMENT_TEAM = 4UUEFBYP76;
				GENERATE_INFOPLIST_FILE = YES;
				PRODUCT_BUNDLE_IDENTIFIER = LeoLem.SmokesUITests;
				PRODUCT_NAME = "$(TARGET_NAME)";
				SWIFT_VERSION = 6.0;
				TARGETED_DEVICE_FAMILY = "1,2";
				TEST_TARGET_NAME = Smokes;
			};
			name = Release;
		};
/* End XCBuildConfiguration section */

/* Begin XCConfigurationList section */
		6E48374028EC991100B67CA4 /* Build configuration list for PBXProject "smokes" */ = {
			isa = XCConfigurationList;
			buildConfigurations = (
				6E48375128EC991200B67CA4 /* Debug */,
				6E3E94DB2A19E8990027C1E3 /* Test */,
				6E48375228EC991200B67CA4 /* Release */,
			);
			defaultConfigurationIsVisible = 0;
			defaultConfigurationName = Release;
		};
		6E48375328EC991200B67CA4 /* Build configuration list for PBXNativeTarget "Smokes" */ = {
			isa = XCConfigurationList;
			buildConfigurations = (
				6E48375428EC991200B67CA4 /* Debug */,
				6E3E94DC2A19E8990027C1E3 /* Test */,
				6E48375528EC991200B67CA4 /* Release */,
			);
			defaultConfigurationIsVisible = 0;
			defaultConfigurationName = Release;
		};
		6ED91E28293FB7BB00728E2B /* Build configuration list for PBXNativeTarget "SmokesUITests" */ = {
			isa = XCConfigurationList;
			buildConfigurations = (
				6ED91E29293FB7BB00728E2B /* Debug */,
				6E3E94DE2A19E8990027C1E3 /* Test */,
				6ED91E2A293FB7BB00728E2B /* Release */,
			);
			defaultConfigurationIsVisible = 0;
			defaultConfigurationName = Release;
		};
/* End XCConfigurationList section */

/* Begin XCLocalSwiftPackageReference section */
		6E5E448F2D5BA2DE0041BE73 /* XCLocalSwiftPackageReference "features" */ = {
			isa = XCLocalSwiftPackageReference;
			relativePath = features;
		};
/* End XCLocalSwiftPackageReference section */

/* Begin XCRemoteSwiftPackageReference section */
		6E136CD32D4F7E9D00800130 /* XCRemoteSwiftPackageReference "SwiftLintPlugins" */ = {
			isa = XCRemoteSwiftPackageReference;
			repositoryURL = "https://github.com/SimplyDanny/SwiftLintPlugins";
			requirement = {
				kind = upToNextMajorVersion;
				minimumVersion = 0.1.0;
			};
		};
/* End XCRemoteSwiftPackageReference section */

/* Begin XCSwiftPackageProductDependency section */
		6E136CD42D4F7EAB00800130 /* SwiftLintBuildToolPlugin */ = {
			isa = XCSwiftPackageProductDependency;
			package = 6E136CD32D4F7E9D00800130 /* XCRemoteSwiftPackageReference "SwiftLintPlugins" */;
			productName = "plugin:SwiftLintBuildToolPlugin";
		};
		6E5E44902D5BA2DE0041BE73 /* App */ = {
			isa = XCSwiftPackageProductDependency;
			productName = App;
		};
/* End XCSwiftPackageProductDependency section */
	};
	rootObject = 6E48373D28EC991100B67CA4 /* Project object */;
}
